Microsoft Visual Studio Solution File, Format Version 12.00
# Visual Studio 15
VisualStudioVersion = 15.0.27703.2018
MinimumVisualStudioVersion = 10.0.40219.1
Project("{FAE04EC0-301F-11D3-BF4B-00C04F79EFBC}") = "ArkEcosystem.Crypto", "ArkEcosystem.Crypto\ArkEcosystem.Crypto.csproj", "{EC148265-B7A6-485C-8C01-9323F4432303}"
EndProject
Project("{FAE04EC0-301F-11D3-BF4B-00C04F79EFBC}") = "ArkEcosystem.Crypto.Tests", "ArkEcosystem.Crypto.Tests\ArkEcosystem.Crypto.Tests.csproj", "{1DFC4267-289F-4996-9CBA-47CE3C2E3C39}"
EndProject
Global
	GlobalSection(SolutionConfigurationPlatforms) = preSolution
		Debug|Any CPU = Debug|Any CPU
		Release|Any CPU = Release|Any CPU
	EndGlobalSection
	GlobalSection(ProjectConfigurationPlatforms) = postSolution
		{EC148265-B7A6-485C-8C01-9323F4432303}.Debug|Any CPU.ActiveCfg = Debug|Any CPU
		{EC148265-B7A6-485C-8C01-9323F4432303}.Debug|Any CPU.Build.0 = Debug|Any CPU
		{EC148265-B7A6-485C-8C01-9323F4432303}.Release|Any CPU.ActiveCfg = Release|Any CPU
		{EC148265-B7A6-485C-8C01-9323F4432303}.Release|Any CPU.Build.0 = Release|Any CPU
		{1DFC4267-289F-4996-9CBA-47CE3C2E3C39}.Debug|Any CPU.ActiveCfg = Debug|Any CPU
		{1DFC4267-289F-4996-9CBA-47CE3C2E3C39}.Debug|Any CPU.Build.0 = Debug|Any CPU
		{1DFC4267-289F-4996-9CBA-47CE3C2E3C39}.Release|Any CPU.ActiveCfg = Release|Any CPU
		{1DFC4267-289F-4996-9CBA-47CE3C2E3C39}.Release|Any CPU.Build.0 = Release|Any CPU
	EndGlobalSection
	GlobalSection(SolutionProperties) = preSolution
		HideSolutionNode = FALSE
	EndGlobalSection
	GlobalSection(ExtensibilityGlobals) = postSolution
		SolutionGuid = {856D5EEE-288C-448F-804D-009E5ECD796B}
	EndGlobalSection
EndGlobal
