
Microsoft Visual Studio Solution File, Format Version 12.00
# Visual Studio 2012
Project("{FAE04EC0-301F-11D3-BF4B-00C04F79EFBC}") = "ArkEcosystem.Crypto.Tests", "ArkEcosystem.Crypto.Tests\ArkEcosystem.Crypto.Tests.csproj", "{9F3DDCF9-C7C8-4E18-B897-9BCB21B9F4ED}"
EndProject
Global
	GlobalSection(SolutionConfigurationPlatforms) = preSolution
		Debug|Any CPU = Debug|Any CPU
		Release|Any CPU = Release|Any CPU
	EndGlobalSection
	GlobalSection(ProjectConfigurationPlatforms) = postSolution
		{9F3DDCF9-C7C8-4E18-B897-9BCB21B9F4ED}.Debug|Any CPU.ActiveCfg = Debug|Any CPU
		{9F3DDCF9-C7C8-4E18-B897-9BCB21B9F4ED}.Debug|Any CPU.Build.0 = Debug|Any CPU
		{9F3DDCF9-C7C8-4E18-B897-9BCB21B9F4ED}.Release|Any CPU.ActiveCfg = Release|Any CPU
		{9F3DDCF9-C7C8-4E18-B897-9BCB21B9F4ED}.Release|Any CPU.Build.0 = Release|Any CPU
	EndGlobalSection
EndGlobal
