
Microsoft Visual Studio Solution File, Format Version 12.00
# Visual Studio 2012
Project("{FAE04EC0-301F-11D3-BF4B-00C04F79EFBC}") = "ArkEcosystem.Crypto", "ArkEcosystem.Crypto\ArkEcosystem.Crypto.csproj", "{D8B269BE-92B5-4F5E-B565-FF0B0575C399}"
EndProject
Global
	GlobalSection(SolutionConfigurationPlatforms) = preSolution
		Debug|Any CPU = Debug|Any CPU
		Release|Any CPU = Release|Any CPU
	EndGlobalSection
	GlobalSection(ProjectConfigurationPlatforms) = postSolution
		{D8B269BE-92B5-4F5E-B565-FF0B0575C399}.Debug|Any CPU.ActiveCfg = Debug|Any CPU
		{D8B269BE-92B5-4F5E-B565-FF0B0575C399}.Debug|Any CPU.Build.0 = Debug|Any CPU
		{D8B269BE-92B5-4F5E-B565-FF0B0575C399}.Release|Any CPU.ActiveCfg = Release|Any CPU
		{D8B269BE-92B5-4F5E-B565-FF0B0575C399}.Release|Any CPU.Build.0 = Release|Any CPU
	EndGlobalSection
EndGlobal
